
Microsoft Visual Studio Solution File, Format Version 12.00
# Visual Studio Version 16
VisualStudioVersion = 16.0.29215.179
MinimumVisualStudioVersion = 10.0.40219.1
Project("{FAE04EC0-301F-11D3-BF4B-00C04F79EFBC}") = "SoftdocMusicPlayer", "SoftdocMusicPlayer\SoftdocMusicPlayer.csproj", "{4F510531-AC5F-4C7E-B9B0-B6B97F51B2D3}"
EndProject
Project("{9A19103F-16F7-4668-BE54-9A1E7A4F7556}") = "SoftdocMusicPlayer.Core", "SoftdocMusicPlayer.Core\SoftdocMusicPlayer.Core.csproj", "{C18D10CE-DB65-44C6-8EBF-7474AB22226D}"
EndProject
Project("{FAE04EC0-301F-11D3-BF4B-00C04F79EFBC}") = "ExpressionBuilder", "ExpressionBuilder\ExpressionBuilder.csproj", "{22625A95-61ED-469C-B02C-5E6A0B2BF50B}"
EndProject
Project("{FAE04EC0-301F-11D3-BF4B-00C04F79EFBC}") = "DataAccessLibrary", "DataAccessLibrary\DataAccessLibrary.csproj", "{893A0D10-13EE-40C1-A27E-525D131CA426}"
EndProject
Global
	GlobalSection(SolutionConfigurationPlatforms) = preSolution
		Debug|Any CPU = Debug|Any CPU
		Debug|ARM = Debug|ARM
		Debug|ARM64 = Debug|ARM64
		Debug|x64 = Debug|x64
		Debug|x86 = Debug|x86
		Release|Any CPU = Release|Any CPU
		Release|ARM = Release|ARM
		Release|ARM64 = Release|ARM64
		Release|x64 = Release|x64
		Release|x86 = Release|x86
	EndGlobalSection
	GlobalSection(ProjectConfigurationPlatforms) = postSolution
		{4F510531-AC5F-4C7E-B9B0-B6B97F51B2D3}.Debug|Any CPU.ActiveCfg = Debug|x86
		{4F510531-AC5F-4C7E-B9B0-B6B97F51B2D3}.Debug|ARM.ActiveCfg = Debug|ARM
		{4F510531-AC5F-4C7E-B9B0-B6B97F51B2D3}.Debug|ARM.Build.0 = Debug|ARM
		{4F510531-AC5F-4C7E-B9B0-B6B97F51B2D3}.Debug|ARM.Deploy.0 = Debug|ARM
		{4F510531-AC5F-4C7E-B9B0-B6B97F51B2D3}.Debug|ARM64.ActiveCfg = Debug|ARM64
		{4F510531-AC5F-4C7E-B9B0-B6B97F51B2D3}.Debug|ARM64.Build.0 = Debug|ARM64
		{4F510531-AC5F-4C7E-B9B0-B6B97F51B2D3}.Debug|ARM64.Deploy.0 = Debug|ARM64
		{4F510531-AC5F-4C7E-B9B0-B6B97F51B2D3}.Debug|x64.ActiveCfg = Debug|x64
		{4F510531-AC5F-4C7E-B9B0-B6B97F51B2D3}.Debug|x64.Build.0 = Debug|x64
		{4F510531-AC5F-4C7E-B9B0-B6B97F51B2D3}.Debug|x64.Deploy.0 = Debug|x64
		{4F510531-AC5F-4C7E-B9B0-B6B97F51B2D3}.Debug|x86.ActiveCfg = Debug|x86
		{4F510531-AC5F-4C7E-B9B0-B6B97F51B2D3}.Debug|x86.Build.0 = Debug|x86
		{4F510531-AC5F-4C7E-B9B0-B6B97F51B2D3}.Debug|x86.Deploy.0 = Debug|x86
		{4F510531-AC5F-4C7E-B9B0-B6B97F51B2D3}.Release|Any CPU.ActiveCfg = Release|x86
		{4F510531-AC5F-4C7E-B9B0-B6B97F51B2D3}.Release|ARM.ActiveCfg = Release|ARM
		{4F510531-AC5F-4C7E-B9B0-B6B97F51B2D3}.Release|ARM.Build.0 = Release|ARM
		{4F510531-AC5F-4C7E-B9B0-B6B97F51B2D3}.Release|ARM.Deploy.0 = Release|ARM
		{4F510531-AC5F-4C7E-B9B0-B6B97F51B2D3}.Release|ARM64.ActiveCfg = Release|ARM64
		{4F510531-AC5F-4C7E-B9B0-B6B97F51B2D3}.Release|ARM64.Build.0 = Release|ARM64
		{4F510531-AC5F-4C7E-B9B0-B6B97F51B2D3}.Release|ARM64.Deploy.0 = Release|ARM64
		{4F510531-AC5F-4C7E-B9B0-B6B97F51B2D3}.Release|x64.ActiveCfg = Release|x64
		{4F510531-AC5F-4C7E-B9B0-B6B97F51B2D3}.Release|x64.Build.0 = Release|x64
		{4F510531-AC5F-4C7E-B9B0-B6B97F51B2D3}.Release|x64.Deploy.0 = Release|x64
		{4F510531-AC5F-4C7E-B9B0-B6B97F51B2D3}.Release|x86.ActiveCfg = Release|x86
		{4F510531-AC5F-4C7E-B9B0-B6B97F51B2D3}.Release|x86.Build.0 = Release|x86
		{4F510531-AC5F-4C7E-B9B0-B6B97F51B2D3}.Release|x86.Deploy.0 = Release|x86
		{C18D10CE-DB65-44C6-8EBF-7474AB22226D}.Debug|Any CPU.ActiveCfg = Debug|Any CPU
		{C18D10CE-DB65-44C6-8EBF-7474AB22226D}.Debug|Any CPU.Build.0 = Debug|Any CPU
		{C18D10CE-DB65-44C6-8EBF-7474AB22226D}.Debug|ARM.ActiveCfg = Debug|Any CPU
		{C18D10CE-DB65-44C6-8EBF-7474AB22226D}.Debug|ARM.Build.0 = Debug|Any CPU
		{C18D10CE-DB65-44C6-8EBF-7474AB22226D}.Debug|ARM64.ActiveCfg = Debug|Any CPU
		{C18D10CE-DB65-44C6-8EBF-7474AB22226D}.Debug|ARM64.Build.0 = Debug|Any CPU
		{C18D10CE-DB65-44C6-8EBF-7474AB22226D}.Debug|x64.ActiveCfg = Debug|Any CPU
		{C18D10CE-DB65-44C6-8EBF-7474AB22226D}.Debug|x64.Build.0 = Debug|Any CPU
		{C18D10CE-DB65-44C6-8EBF-7474AB22226D}.Debug|x86.ActiveCfg = Debug|Any CPU
		{C18D10CE-DB65-44C6-8EBF-7474AB22226D}.Debug|x86.Build.0 = Debug|Any CPU
		{C18D10CE-DB65-44C6-8EBF-7474AB22226D}.Release|Any CPU.ActiveCfg = Release|Any CPU
		{C18D10CE-DB65-44C6-8EBF-7474AB22226D}.Release|Any CPU.Build.0 = Release|Any CPU
		{C18D10CE-DB65-44C6-8EBF-7474AB22226D}.Release|ARM.ActiveCfg = Release|Any CPU
		{C18D10CE-DB65-44C6-8EBF-7474AB22226D}.Release|ARM.Build.0 = Release|Any CPU
		{C18D10CE-DB65-44C6-8EBF-7474AB22226D}.Release|ARM64.ActiveCfg = Release|Any CPU
		{C18D10CE-DB65-44C6-8EBF-7474AB22226D}.Release|ARM64.Build.0 = Release|Any CPU
		{C18D10CE-DB65-44C6-8EBF-7474AB22226D}.Release|x64.ActiveCfg = Release|Any CPU
		{C18D10CE-DB65-44C6-8EBF-7474AB22226D}.Release|x64.Build.0 = Release|Any CPU
		{C18D10CE-DB65-44C6-8EBF-7474AB22226D}.Release|x86.ActiveCfg = Release|Any CPU
		{C18D10CE-DB65-44C6-8EBF-7474AB22226D}.Release|x86.Build.0 = Release|Any CPU
		{22625A95-61ED-469C-B02C-5E6A0B2BF50B}.Debug|Any CPU.ActiveCfg = Debug|Any CPU
		{22625A95-61ED-469C-B02C-5E6A0B2BF50B}.Debug|Any CPU.Build.0 = Debug|Any CPU
		{22625A95-61ED-469C-B02C-5E6A0B2BF50B}.Debug|ARM.ActiveCfg = Debug|ARM
		{22625A95-61ED-469C-B02C-5E6A0B2BF50B}.Debug|ARM.Build.0 = Debug|ARM
		{22625A95-61ED-469C-B02C-5E6A0B2BF50B}.Debug|ARM64.ActiveCfg = Debug|ARM64
		{22625A95-61ED-469C-B02C-5E6A0B2BF50B}.Debug|ARM64.Build.0 = Debug|ARM64
		{22625A95-61ED-469C-B02C-5E6A0B2BF50B}.Debug|x64.ActiveCfg = Debug|x64
		{22625A95-61ED-469C-B02C-5E6A0B2BF50B}.Debug|x64.Build.0 = Debug|x64
		{22625A95-61ED-469C-B02C-5E6A0B2BF50B}.Debug|x86.ActiveCfg = Debug|x86
		{22625A95-61ED-469C-B02C-5E6A0B2BF50B}.Debug|x86.Build.0 = Debug|x86
		{22625A95-61ED-469C-B02C-5E6A0B2BF50B}.Release|Any CPU.ActiveCfg = Release|Any CPU
		{22625A95-61ED-469C-B02C-5E6A0B2BF50B}.Release|Any CPU.Build.0 = Release|Any CPU
		{22625A95-61ED-469C-B02C-5E6A0B2BF50B}.Release|ARM.ActiveCfg = Release|ARM
		{22625A95-61ED-469C-B02C-5E6A0B2BF50B}.Release|ARM.Build.0 = Release|ARM
		{22625A95-61ED-469C-B02C-5E6A0B2BF50B}.Release|ARM64.ActiveCfg = Release|ARM64
		{22625A95-61ED-469C-B02C-5E6A0B2BF50B}.Release|ARM64.Build.0 = Release|ARM64
		{22625A95-61ED-469C-B02C-5E6A0B2BF50B}.Release|x64.ActiveCfg = Release|x64
		{22625A95-61ED-469C-B02C-5E6A0B2BF50B}.Release|x64.Build.0 = Release|x64
		{22625A95-61ED-469C-B02C-5E6A0B2BF50B}.Release|x86.ActiveCfg = Release|x86
		{22625A95-61ED-469C-B02C-5E6A0B2BF50B}.Release|x86.Build.0 = Release|x86
		{893A0D10-13EE-40C1-A27E-525D131CA426}.Debug|Any CPU.ActiveCfg = Debug|Any CPU
		{893A0D10-13EE-40C1-A27E-525D131CA426}.Debug|Any CPU.Build.0 = Debug|Any CPU
		{893A0D10-13EE-40C1-A27E-525D131CA426}.Debug|ARM.ActiveCfg = Debug|ARM
		{893A0D10-13EE-40C1-A27E-525D131CA426}.Debug|ARM.Build.0 = Debug|ARM
		{893A0D10-13EE-40C1-A27E-525D131CA426}.Debug|ARM64.ActiveCfg = Debug|ARM64
		{893A0D10-13EE-40C1-A27E-525D131CA426}.Debug|ARM64.Build.0 = Debug|ARM64
		{893A0D10-13EE-40C1-A27E-525D131CA426}.Debug|x64.ActiveCfg = Debug|x64
		{893A0D10-13EE-40C1-A27E-525D131CA426}.Debug|x64.Build.0 = Debug|x64
		{893A0D10-13EE-40C1-A27E-525D131CA426}.Debug|x86.ActiveCfg = Debug|x86
		{893A0D10-13EE-40C1-A27E-525D131CA426}.Debug|x86.Build.0 = Debug|x86
		{893A0D10-13EE-40C1-A27E-525D131CA426}.Release|Any CPU.ActiveCfg = Release|Any CPU
		{893A0D10-13EE-40C1-A27E-525D131CA426}.Release|Any CPU.Build.0 = Release|Any CPU
		{893A0D10-13EE-40C1-A27E-525D131CA426}.Release|ARM.ActiveCfg = Release|ARM
		{893A0D10-13EE-40C1-A27E-525D131CA426}.Release|ARM.Build.0 = Release|ARM
		{893A0D10-13EE-40C1-A27E-525D131CA426}.Release|ARM64.ActiveCfg = Release|ARM64
		{893A0D10-13EE-40C1-A27E-525D131CA426}.Release|ARM64.Build.0 = Release|ARM64
		{893A0D10-13EE-40C1-A27E-525D131CA426}.Release|x64.ActiveCfg = Release|x64
		{893A0D10-13EE-40C1-A27E-525D131CA426}.Release|x64.Build.0 = Release|x64
		{893A0D10-13EE-40C1-A27E-525D131CA426}.Release|x86.ActiveCfg = Release|x86
		{893A0D10-13EE-40C1-A27E-525D131CA426}.Release|x86.Build.0 = Release|x86
	EndGlobalSection
	GlobalSection(SolutionProperties) = preSolution
		HideSolutionNode = FALSE
	EndGlobalSection
	GlobalSection(ExtensibilityGlobals) = postSolution
		SolutionGuid = {57B25050-2145-44E7-BFFD-7132965007B3}
	EndGlobalSection
EndGlobal
